
Microsoft Visual Studio Solution File, Format Version 12.00
# Visual Studio Version 16
VisualStudioVersion = 16.0.31424.327
MinimumVisualStudioVersion = 10.0.40219.1
Project("{FAE04EC0-301F-11D3-BF4B-00C04F79EFBC}") = "AWS.CognitoNet40Test", "AWS.CognitoNet40Test\AWS.CognitoNet40Test.csproj", "{0662901C-371F-45B9-A49C-3B49F5F31909}"
EndProject
Project("{FAE04EC0-301F-11D3-BF4B-00C04F79EFBC}") = "AWS.Cognito.WebFormTest45", "AWS.Cognito.WebFormTest45\AWS.Cognito.WebFormTest45.csproj", "{B9A8F573-9ADD-4016-BFE8-69BEBA3BA41B}"
EndProject
Project("{FAE04EC0-301F-11D3-BF4B-00C04F79EFBC}") = "CognitoAspxWebForm4.0EmptyProject", "CognitoAspxWebForm4.0EmptyProject\CognitoAspxWebForm4.0EmptyProject.csproj", "{DD62DE22-2C23-47C3-85D6-56EF26466A11}"
EndProject
Global
	GlobalSection(SolutionConfigurationPlatforms) = preSolution
		Debug|Any CPU = Debug|Any CPU
		Release|Any CPU = Release|Any CPU
	EndGlobalSection
	GlobalSection(ProjectConfigurationPlatforms) = postSolution
		{0662901C-371F-45B9-A49C-3B49F5F31909}.Debug|Any CPU.ActiveCfg = Debug|Any CPU
		{0662901C-371F-45B9-A49C-3B49F5F31909}.Debug|Any CPU.Build.0 = Debug|Any CPU
		{0662901C-371F-45B9-A49C-3B49F5F31909}.Release|Any CPU.ActiveCfg = Release|Any CPU
		{0662901C-371F-45B9-A49C-3B49F5F31909}.Release|Any CPU.Build.0 = Release|Any CPU
		{B9A8F573-9ADD-4016-BFE8-69BEBA3BA41B}.Debug|Any CPU.ActiveCfg = Debug|Any CPU
		{B9A8F573-9ADD-4016-BFE8-69BEBA3BA41B}.Debug|Any CPU.Build.0 = Debug|Any CPU
		{B9A8F573-9ADD-4016-BFE8-69BEBA3BA41B}.Release|Any CPU.ActiveCfg = Release|Any CPU
		{B9A8F573-9ADD-4016-BFE8-69BEBA3BA41B}.Release|Any CPU.Build.0 = Release|Any CPU
		{DD62DE22-2C23-47C3-85D6-56EF26466A11}.Debug|Any CPU.ActiveCfg = Debug|Any CPU
		{DD62DE22-2C23-47C3-85D6-56EF26466A11}.Debug|Any CPU.Build.0 = Debug|Any CPU
		{DD62DE22-2C23-47C3-85D6-56EF26466A11}.Release|Any CPU.ActiveCfg = Release|Any CPU
		{DD62DE22-2C23-47C3-85D6-56EF26466A11}.Release|Any CPU.Build.0 = Release|Any CPU
	EndGlobalSection
	GlobalSection(SolutionProperties) = preSolution
		HideSolutionNode = FALSE
	EndGlobalSection
	GlobalSection(ExtensibilityGlobals) = postSolution
		SolutionGuid = {D24BE4D9-E786-4F17-A81E-DC182D22E645}
	EndGlobalSection
EndGlobal
